lockfileVersion: '6.0'

dependencies:
  '@tinyhttp/app':
    specifier: ^2.0.32
    version: 2.0.32
  '@types/multiparty':
    specifier: ^0.0.33
    version: 0.0.33
  dotenv:
    specifier: ^16.0.3
    version: 16.0.3
  graphql:
    specifier: ^16.6.0
    version: 16.6.0
  graphql-request:
    specifier: ^6.0.0
    version: 6.0.0(graphql@16.6.0)
  header-range-parser:
    specifier: ^1.1.3
    version: 1.1.3
  milliparsec:
    specifier: ^2.3.0
    version: 2.3.0
  multiparty:
    specifier: ^4.2.3
    version: 4.2.3
  typescript:
    specifier: ^5.0.4
    version: 5.0.4

devDependencies:
  concurrently:
    specifier: ^8.0.1
    version: 8.0.1
  nodemon:
    specifier: ^2.0.22
    version: 2.0.22
  rome:
    specifier: ^12.0.0
    version: 12.0.0

packages:

  /@graphql-typed-document-node/core@3.2.0(graphql@16.6.0):
    resolution: {integrity: sha512-mB9oAsNCm9aM3/SOv4YtBMqZbYj10R7dkq8byBqxGY/ncFwhf2oQzMV+LCRlWoDSEBJ3COiR1yeDvMtsoOsuFQ==}
    peerDependencies:
      graphql: ^0.8.0 || ^0.9.0 || ^0.10.0 || ^0.11.0 || ^0.12.0 || ^0.13.0 || ^14.0.0 || ^15.0.0 || ^16.0.0 || ^17.0.0
    dependencies:
      graphql: 16.6.0
    dev: false

  /@rometools/cli-darwin-arm64@12.0.0:
    resolution: {integrity: sha512-kEFCzU6cgy6vfY0mkMzq57ea3srqV5X2wyCAxjVfA2JF7fioq695uWhy7yOCBW+nUUFIz62N9v1nf/aYqX8XkA==}
    cpu: [arm64]
    os: [darwin]
    requiresBuild: true
    dev: true
    optional: true

  /@rometools/cli-darwin-x64@12.0.0:
    resolution: {integrity: sha512-YDevVPKrkRFdjjM/3zOpOWI5mEY2ivjKM2eR8Yqv9xH3SZhyD/t67f/xo7Azp6NkGUVXSnHLGdkmIg+qrYgz5A==}
    cpu: [x64]
    os: [darwin]
    requiresBuild: true
    dev: true
    optional: true

  /@rometools/cli-linux-arm64@12.0.0:
    resolution: {integrity: sha512-n2LJg6eAZENUcJF99wjDeqQCr/40IqGUJDbX7NwiU1RvCy+RBZNmhcmSAaKOc6rCoLUcM9W5q+H4jfn4bWfJBA==}
    cpu: [arm64]
    os: [linux]
    requiresBuild: true
    dev: true
    optional: true

  /@rometools/cli-linux-x64@12.0.0:
    resolution: {integrity: sha512-VuQO4eOrKmfrLrc8KzMaZypz3i1rD9FXRxwOFk6ha16DNHV+17dRQYm7jRZ1p+HrXdjAJYTScxR/E03yGLThlQ==}
    cpu: [x64]
    os: [linux]
    requiresBuild: true
    dev: true
    optional: true

  /@rometools/cli-win32-arm64@12.0.0:
    resolution: {integrity: sha512-lvOh5/B8YuQdI2ieGJnJ6CUMZxvVwA8+1VDkEZJyl5IEF8AXzbXYx4k6SFA5a79cfXEL9tJuJy0rn+Zs/+1yJQ==}
    cpu: [arm64]
    os: [win32]
    requiresBuild: true
    dev: true
    optional: true

  /@rometools/cli-win32-x64@12.0.0:
    resolution: {integrity: sha512-yTfz71k8+9QIDzglKnMbEMMv1JUk30qfeSomgEUG2v0qDSbSq0Gs1ff0H0dysYOHLvZZmWA3IheOY/SC8fj1nA==}
    cpu: [x64]
    os: [win32]
    requiresBuild: true
    dev: true
    optional: true

  /@tinyhttp/accepts@2.0.8:
    resolution: {integrity: sha512-+/QwWAXDKiQwr1ce+azdCEbUFNv5MgJGr8/anwyIODFuFXVZ33iukgUeCSpszy7KvFB0RbuPXQjtMpii12ejuA==}
    engines: {node: '>=12.4.0'}
    dependencies:
      es-mime-types: 0.1.4
      negotiator: 0.6.3
    dev: false

  /@tinyhttp/app@2.0.32:
    resolution: {integrity: sha512-isz/eyWzOv6RkY3wgsD3IdX1lWNzRNFponAFCQdOZpuHvdaLycT2tOW3dylxcryJ7WwzXeIF7cvTUxoK/f5Y7w==}
    engines: {node: '>=12.x'}
    dependencies:
      '@tinyhttp/cookie': 2.0.6
      '@tinyhttp/proxy-addr': 2.0.7
      '@tinyhttp/req': 2.0.16
      '@tinyhttp/res': 2.0.23
      '@tinyhttp/router': 2.1.0
      header-range-parser: 1.1.3
      regexparam: 2.0.1
    dev: false

  /@tinyhttp/content-disposition@2.0.9:
    resolution: {integrity: sha512-ERzNxML7GoR9tPo6qcKOsqlfLLWVUpIwNwZQw/9XRpDJJyJ5CL1pQVdsCKWpqN6tiu0zdGQyEZ1c8Tw4iu14kA==}
    engines: {node: '>=12.4.0'}
    dev: false

  /@tinyhttp/cookie-signature@2.0.6:
    resolution: {integrity: sha512-ETEkKy9okt/hakLoNORK0a5UNzh6QEOJyngtb5fY1vbUc88phOio1mtq+iAPs45tlDx3scTk9mcmSglzbRFbXA==}
    engines: {node: '>=12.4.0'}
    dev: false

  /@tinyhttp/cookie@2.0.6:
    resolution: {integrity: sha512-aiRoK8YrzzcjHoL4kf1f44X6aCCWOkaMMnTfKYM4vmSEA2QNZPKU/DW1O06Wuv5TUHXnu2Kxtf0jV/OV1Inojg==}
    engines: {node: '>=12.4.0'}
    dev: false

  /@tinyhttp/encode-url@2.0.7:
    resolution: {integrity: sha512-YFOKF+WR4T08Gmldj6/fQVVRWlRqH7yvxpZwUGrxJi06ns73nkuS8ykFSm9/e+n69eRpnAcF+ZN2DKZYIa/Kcg==}
    engines: {node: '>=12.4.0'}
    dev: false

  /@tinyhttp/etag@2.0.6:
    resolution: {integrity: sha512-7mX8kERzYFKDz0MD2upgp1qjst8fbDq7dVOGp0V2+MPWUzhztLBuhJ1Pbu05QypDhSGPvkOM0onSnzbWkrv5ZQ==}
    engines: {node: '>=12.4.0'}
    dev: false

  /@tinyhttp/forwarded@2.0.6:
    resolution: {integrity: sha512-0DtpuA2KhnTdPlofhuy2KEbcvqLiDXLSqgDzZgxiyFTkcGaL5YzgUMNpNkRbczckJXC1BXgNCrxw58f9wS8nxw==}
    engines: {node: '>=12.4.0'}
    dev: false

  /@tinyhttp/proxy-addr@2.0.7:
    resolution: {integrity: sha512-aB5TvrKkg8iyi8781ajlNCq2Q6dTuY/LmrJq0I6tqxK6ozvCKzghy9qbQmGMPOnLpRxO04cF1+9ze74Yy5mFqw==}
    engines: {node: '>=12.4.0'}
    dependencies:
      '@tinyhttp/forwarded': 2.0.6
      ipaddr.js: 2.0.1
    dev: false

  /@tinyhttp/req@2.0.16:
    resolution: {integrity: sha512-zSDbusEf6qfAyGhUNAuMSPo81aaN67Fpluf0C+AR2CbKjzoDVaUhTyWqkA14x5QkJICHksmGObBJiXG32ln5mw==}
    engines: {node: '>=12.4.0'}
    dependencies:
      '@tinyhttp/accepts': 2.0.8
      '@tinyhttp/type-is': 2.0.7
      '@tinyhttp/url': 2.0.8
      es-fresh: 0.0.11
      header-range-parser: 1.1.3
    dev: false

  /@tinyhttp/res@2.0.23:
    resolution: {integrity: sha512-zAhsrFCkKpuMGej7/IQjkfEasl8r17pfR4x4F/521Iki7yoBmZ8E0q27MJoSLMaBYj5yD7dwb5uwr3iUrB0O9w==}
    engines: {node: '>=12.4.0'}
    dependencies:
      '@tinyhttp/content-disposition': 2.0.9
      '@tinyhttp/cookie': 2.0.6
      '@tinyhttp/cookie-signature': 2.0.6
      '@tinyhttp/encode-url': 2.0.7
      '@tinyhttp/req': 2.0.16
      '@tinyhttp/send': 2.0.8
      es-escape-html: 0.1.1
      es-mime-types: 0.1.4
      es-vary: 0.1.2
    dev: false

  /@tinyhttp/router@2.1.0:
    resolution: {integrity: sha512-IiRvUsJ96M3JgnYtmcL3NPLJ3Bfw1eGCu8c4gpkpJAD1zxaHHjQK2I4BbpK3o8img7I9nzG+pNgtuPkyf2eG3w==}
    engines: {node: '>=12.4.0'}
    dev: false

  /@tinyhttp/send@2.0.8:
    resolution: {integrity: sha512-atmThMLKHV+Pldem8fynNZqWYTcRyoK98KB3FuXFueEBjjHVwhNENU51GIeCeFVFAywMIMlt2HReeJ+DzGpyUg==}
    engines: {node: '>=12.4.0'}
    dependencies:
      '@tinyhttp/etag': 2.0.6
      es-content-type: 0.1.0
      es-mime-types: 0.1.4
    dev: false

  /@tinyhttp/type-is@2.0.7:
    resolution: {integrity: sha512-UGxPNtjoAmJCro2FGOH8FWQSY3XVRB+/t5ZZcBmr0Jmg/FsH38OPSEhpqDTqAO0iojY7h/Rs0+d3cKd6PlOeog==}
    engines: {node: '>=12.4.0'}
    dependencies:
      es-content-type: 0.1.0
      es-mime-types: 0.1.4
    dev: false

  /@tinyhttp/url@2.0.8:
    resolution: {integrity: sha512-Z3ZJ2tq2of7LAfzYqrtNH7jAi/2dSs10c2s1LpuLt1MjIyA2HtGB0x+LKvb7e5jbxOZlFBbeI3ubQODbGf7IKw==}
    engines: {node: '>=12.4.0'}
    dev: false

  /@types/multiparty@0.0.33:
    resolution: {integrity: sha512-Il6cJUpSqgojT7NxbVJUvXkCblm50/yEJYtblISDsNIeNYf4yMAhdizzidUk6h8pJ8yhwK/3Fkb+3Dwcgtwl8w==}
    dependencies:
      '@types/node': 18.11.18
    dev: false

  /@types/node@18.11.18:
    resolution: {integrity: sha512-DHQpWGjyQKSHj3ebjFI/wRKcqQcdR+MoFBygntYOZytCqNfkd2ZC4ARDJ2DQqhjH5p85Nnd3jhUJIXrszFX/JA==}
    dev: false

  /abbrev@1.1.1:
    resolution: {integrity: sha512-nne9/IiQ/hzIhY6pdDnbBtz7DjPTKrY00P/zvPSm5pOFkl6xuGrGnXn/VtTNNfNtAfZ9/1RtehkszU9qcTii0Q==}
    dev: true

  /ansi-regex@5.0.1:
    resolution: {integrity: sha512-quJQXlTSUGL2LH9SUXo8VwsY4soanhgo6LNSm84E1LBcE8s3O0wpdiRzyR9z/ZZJMlMWv37qOOb9pdJlMUEKFQ==}
    engines: {node: '>=8'}
    dev: true

  /ansi-styles@4.3.0:
    resolution: {integrity: sha512-zbB9rCJAT1rbjiVDb2hqKFHNYLxgtk8NURxZ3IZwD3F6NtxbXZQCnnSi1Lkx+IDohdPlFp222wVALIheZJQSEg==}
    engines: {node: '>=8'}
    dependencies:
      color-convert: 2.0.1
    dev: true

  /anymatch@3.1.3:
    resolution: {integrity: sha512-KMReFUr0B4t+D+OBkjR3KYqvocp2XaSzO55UcB6mgQMd3KbcE+mWTyvVV7D/zsdEbNnV6acZUutkiHQXvTr1Rw==}
    engines: {node: '>= 8'}
    dependencies:
      normalize-path: 3.0.0
      picomatch: 2.3.1
    dev: true

  /balanced-match@1.0.2:
    resolution: {integrity: sha512-3oSeUO0TMV67hN1AmbXsK4yaqU7tjiHlbxRDZOpH0KW9+CeX4bRAaX0Anxt0tx2MrpRpWwQaPwIlISEJhYU5Pw==}
    dev: true

  /binary-extensions@2.2.0:
    resolution: {integrity: sha512-jDctJ/IVQbZoJykoeHbhXpOlNBqGNcwXJKJog42E5HDPUwQTSdjCHdihjj0DlnheQ7blbT6dHOafNAiS8ooQKA==}
    engines: {node: '>=8'}
    dev: true

  /brace-expansion@1.1.11:
    resolution: {integrity: sha512-iCuPHDFgrHX7H2vEI/5xpz07zSHB00TpugqhmYtVmMO6518mCuRMoOYFldEBl0g187ufozdaHgWKcYFb61qGiA==}
    dependencies:
      balanced-match: 1.0.2
      concat-map: 0.0.1
    dev: true

  /braces@3.0.2:
    resolution: {integrity: sha512-b8um+L1RzM3WDSzvhm6gIz1yfTbBt6YTlcEKAvsmqCZZFw46z626lVj9j1yEPW33H5H+lBQpZMP1k8l+78Ha0A==}
    engines: {node: '>=8'}
    dependencies:
      fill-range: 7.0.1
    dev: true

  /chalk@4.1.2:
    resolution: {integrity: sha512-oKnbhFyRIXpUuez8iBMmyEa4nbj4IOQyuhc/wy9kY7/WVPcwIO9VA668Pu8RkO7+0G76SLROeyw9CpQ061i4mA==}
    engines: {node: '>=10'}
    dependencies:
      ansi-styles: 4.3.0
      supports-color: 7.2.0
    dev: true

  /chokidar@3.5.3:
    resolution: {integrity: sha512-Dr3sfKRP6oTcjf2JmUmFJfeVMvXBdegxB0iVQ5eb2V10uFJUCAS8OByZdVAyVb8xXNz3GjjTgj9kLWsZTqE6kw==}
    engines: {node: '>= 8.10.0'}
    dependencies:
      anymatch: 3.1.3
      braces: 3.0.2
      glob-parent: 5.1.2
      is-binary-path: 2.1.0
      is-glob: 4.0.3
      normalize-path: 3.0.0
      readdirp: 3.6.0
    optionalDependencies:
      fsevents: 2.3.2
    dev: true

  /cliui@8.0.1:
    resolution: {integrity: sha512-BSeNnyus75C4//NQ9gQt1/csTXyo/8Sb+afLAkzAptFuMsod9HFokGNudZpi/oQV73hnVK+sR+5PVRMd+Dr7YQ==}
    engines: {node: '>=12'}
    dependencies:
      string-width: 4.2.3
      strip-ansi: 6.0.1
      wrap-ansi: 7.0.0
    dev: true

  /color-convert@2.0.1:
    resolution: {integrity: sha512-RRECPsj7iu/xb5oKYcsFHSppFNnsj/52OVTRKb4zP5onXwVF3zVmmToNcOfGC+CRDpfK/U584fMg38ZHCaElKQ==}
    engines: {node: '>=7.0.0'}
    dependencies:
      color-name: 1.1.4
    dev: true

  /color-name@1.1.4:
    resolution: {integrity: sha512-dOy+3AuW3a2wNbZHIuMZpTcgjGuLU/uBL/ubcZF9OXbDo8ff4O8yVp5Bf0efS8uEoYo5q4Fx7dY9OgQGXgAsQA==}
    dev: true

  /concat-map@0.0.1:
    resolution: {integrity: sha512-/Srv4dswyQNBfohGpz9o6Yb3Gz3SrUDqBH5rTuhGR7ahtlbYKnVxw2bCFMRljaA7EXHaXZ8wsHdodFvbkhKmqg==}
    dev: true

  /concurrently@8.0.1:
    resolution: {integrity: sha512-Sh8bGQMEL0TAmAm2meAXMjcASHZa7V0xXQVDBLknCPa9TPtkY9yYs+0cnGGgfdkW0SV1Mlg+hVGfXcoI8d3MJA==}
    engines: {node: ^14.13.0 || >=16.0.0}
    hasBin: true
    dependencies:
      chalk: 4.1.2
      date-fns: 2.29.3
      lodash: 4.17.21
      rxjs: 7.8.0
      shell-quote: 1.8.1
      spawn-command: 0.0.2-1
      supports-color: 8.1.1
      tree-kill: 1.2.2
      yargs: 17.7.1
    dev: true

  /cross-fetch@3.1.5:
    resolution: {integrity: sha512-lvb1SBsI0Z7GDwmuid+mU3kWVBwTVUbe7S0H52yaaAdQOXq2YktTCZdlAcNKFzE6QtRz0snpw9bNiPeOIkkQvw==}
    dependencies:
      node-fetch: 2.6.7
    transitivePeerDependencies:
      - encoding
    dev: false

  /date-fns@2.29.3:
    resolution: {integrity: sha512-dDCnyH2WnnKusqvZZ6+jA1O51Ibt8ZMRNkDZdyAyK4YfbDwa/cEmuztzG5pk6hqlp9aSBPYcjOlktquahGwGeA==}
    engines: {node: '>=0.11'}
    dev: true

  /debug@3.2.7(supports-color@5.5.0):
    resolution: {integrity: sha512-CFjzYYAi4ThfiQvizrFQevTTXHtnCqWfe7x1AhgEscTz6ZbLbfoLRLPugTQyBth6f8ZERVUSyWHFD/7Wu4t1XQ==}
    peerDependencies:
      supports-color: '*'
    peerDependenciesMeta:
      supports-color:
        optional: true
    dependencies:
      ms: 2.1.3
      supports-color: 5.5.0
    dev: true

  /depd@1.1.2:
    resolution: {integrity: sha512-7emPTl6Dpo6JRXOXjLRxck+FlLRX5847cLKEn00PLAgc3g2hTZZgr+e4c2v6QpSmLeFP3n5yUo7ft6avBK/5jQ==}
    engines: {node: '>= 0.6'}
    dev: false

  /dotenv@16.0.3:
    resolution: {integrity: sha512-7GO6HghkA5fYG9TYnNxi14/7K9f5occMlp3zXAuSxn7CKCxt9xbNWG7yF8hTCSUchlfWSe3uLmlPfigevRItzQ==}
    engines: {node: '>=12'}
    dev: false

  /emoji-regex@8.0.0:
    resolution: {integrity: sha512-MSjYzcWNOA0ewAHpz0MxpYFvwg6yjy1NG3xteoqz644VCo/RPgnr1/GGt+ic3iJTzQ8Eu3TdM14SawnVUmGE6A==}
    dev: true

  /es-content-type@0.1.0:
    resolution: {integrity: sha512-DqWU9pSzhNlO10q+NQ/KebImLkKbwbcy0pSv3hNQfEpKFHsrqDJz2vajpZdq7nkiG9DoJcTh22oHGymp7XJd9g==}
    engines: {node: '>=12.x'}
    dev: false

  /es-escape-html@0.1.1:
    resolution: {integrity: sha512-yUx1o+8RsG7UlszmYPtks+dm6Lho2m8lgHMOsLJQsFI0R8XwUJwiMhM1M4E/S8QLeGyf6MkDV/pWgjQ0tdTSyQ==}
    engines: {node: '>=12.x'}
    dev: false

  /es-fresh@0.0.11:
    resolution: {integrity: sha512-pMAgUE0jSWkCf4ua/gcweHdubuAS/wi3paHoBAPRwxfCK/R13oXq53yyN9XHewe0eIVqNlSN7FunxXySX2Q46Q==}
    engines: {node: '>=12.x'}
    dev: false

  /es-mime-types@0.1.4:
    resolution: {integrity: sha512-rUrmfrUIHU/4ykYB+YH80LDiSpmn6sE/A9E8EsFZP4LCtf/PH+ju6d6goFJ8fsGf81pRtQn1cJSmp8JGA9YkfQ==}
    engines: {node: '>=12.x'}
    dependencies:
      mime-db: 1.52.0
    dev: false

  /es-vary@0.1.2:
    resolution: {integrity: sha512-pLqqZoOutAXQXyBJrUYVNM5fZngiOJYi1Xl4svQMrluTsqDUOQlBMw9EYgLrsWL6niDYn/Yd1y2Pj6GC+j/yjA==}
    engines: {node: '>=12.x'}
    dev: false

  /escalade@3.1.1:
    resolution: {integrity: sha512-k0er2gUkLf8O0zKJiAhmkTnJlTvINGv7ygDNPbeIsX/TJjGJZHuh9B2UxbsaEkmlEo9MfhrSzmhIlhRlI2GXnw==}
    engines: {node: '>=6'}
    dev: true

  /fill-range@7.0.1:
    resolution: {integrity: sha512-qOo9F+dMUmC2Lcb4BbVvnKJxTPjCm+RRpe4gDuGrzkL7mEVl/djYSu2OdQ2Pa302N4oqkSg9ir6jaLWJ2USVpQ==}
    engines: {node: '>=8'}
    dependencies:
      to-regex-range: 5.0.1
    dev: true

  /fsevents@2.3.2:
    resolution: {integrity: sha512-xiqMQR4xAeHTuB9uWm+fFRcIOgKBMiOBP+eXiyT7jsgVCq1bkVygt00oASowB7EdtpOHaaPgKt812P9ab+DDKA==}
    engines: {node: ^8.16.0 || ^10.6.0 || >=11.0.0}
    os: [darwin]
    requiresBuild: true
    dev: true
    optional: true

  /get-caller-file@2.0.5:
    resolution: {integrity: sha512-DyFP3BM/3YHTQOCUL/w0OZHR0lpKeGrxotcHWcqNEdnltqFwXVfhEBQ94eIo34AfQpo0rGki4cyIiftY06h2Fg==}
    engines: {node: 6.* || 8.* || >= 10.*}
    dev: true

  /glob-parent@5.1.2:
    resolution: {integrity: sha512-AOIgSQCepiJYwP3ARnGx+5VnTu2HBYdzbGP45eLw1vr3zB3vZLeyed1sC9hnbcOc9/SrMyM5RPQrkGz4aS9Zow==}
    engines: {node: '>= 6'}
    dependencies:
      is-glob: 4.0.3
    dev: true

  /graphql-request@6.0.0(graphql@16.6.0):
    resolution: {integrity: sha512-2BmHTuglonjZvmNVw6ZzCfFlW/qkIPds0f+Qdi/Lvjsl3whJg2uvHmSvHnLWhUTEw6zcxPYAHiZoPvSVKOZ7Jw==}
    peerDependencies:
      graphql: 14 - 16
    dependencies:
      '@graphql-typed-document-node/core': 3.2.0(graphql@16.6.0)
      cross-fetch: 3.1.5
      graphql: 16.6.0
    transitivePeerDependencies:
      - encoding
    dev: false

  /graphql@16.6.0:
    resolution: {integrity: sha512-KPIBPDlW7NxrbT/eh4qPXz5FiFdL5UbaA0XUNz2Rp3Z3hqBSkbj0GVjwFDztsWVauZUWsbKHgMg++sk8UX0bkw==}
    engines: {node: ^12.22.0 || ^14.16.0 || ^16.0.0 || >=17.0.0}
    dev: false

  /has-flag@3.0.0:
    resolution: {integrity: sha512-sKJf1+ceQBr4SMkvQnBDNDtf4TXpVhVGateu0t918bl30FnbE2m4vNLX+VWe/dpjlb+HugGYzW7uQXH98HPEYw==}
    engines: {node: '>=4'}
    dev: true

  /has-flag@4.0.0:
    resolution: {integrity: sha512-EykJT/Q1KjTWctppgIAgfSO0tKVuZUjhgMr17kqTumMl6Afv3EISleU7qZUzoXDFTAHTDC4NOoG/ZxU3EvlMPQ==}
    engines: {node: '>=8'}
    dev: true

  /header-range-parser@1.1.3:
    resolution: {integrity: sha512-B9zCFt3jH8g09LR1vHL4pcAn8yMEtlSlOUdQemzHMRKMImNIhhszdeosYFfNW0WXKQtXIlWB+O4owHJKvEJYaA==}
    engines: {node: '>=12.22.0'}
    dev: false

  /http-errors@1.8.1:
    resolution: {integrity: sha512-Kpk9Sm7NmI+RHhnj6OIWDI1d6fIoFAtFt9RLaTMRlg/8w49juAStsrBgp0Dp4OdxdVbRIeKhtCUvoi/RuAhO4g==}
    engines: {node: '>= 0.6'}
    dependencies:
      depd: 1.1.2
      inherits: 2.0.4
      setprototypeof: 1.2.0
      statuses: 1.5.0
      toidentifier: 1.0.1
    dev: false

  /ignore-by-default@1.0.1:
    resolution: {integrity: sha512-Ius2VYcGNk7T90CppJqcIkS5ooHUZyIQK+ClZfMfMNFEF9VSE73Fq+906u/CWu92x4gzZMWOwfFYckPObzdEbA==}
    dev: true

  /inherits@2.0.4:
    resolution: {integrity: sha512-k/vGaX4/Yla3WzyMCvTQOXYeIHvqOKtnqBduzTHpzpQZzAskKMhZ2K+EnBiSM9zGSoIFeMpXKxa4dYeZIQqewQ==}
    dev: false

  /ipaddr.js@2.0.1:
    resolution: {integrity: sha512-1qTgH9NG+IIJ4yfKs2e6Pp1bZg8wbDbKHT21HrLIeYBTRLgMYKnMTPAuI3Lcs61nfx5h1xlXnbJtH1kX5/d/ng==}
    engines: {node: '>= 10'}
    dev: false

  /is-binary-path@2.1.0:
    resolution: {integrity: sha512-ZMERYes6pDydyuGidse7OsHxtbI7WVeUEozgR/g7rd0xUimYNlvZRE/K2MgZTjWy725IfelLeVcEM97mmtRGXw==}
    engines: {node: '>=8'}
    dependencies:
      binary-extensions: 2.2.0
    dev: true

  /is-extglob@2.1.1:
    resolution: {integrity: sha512-SbKbANkN603Vi4jEZv49LeVJMn4yGwsbzZworEoyEiutsN3nJYdbO36zfhGJ6QEDpOZIFkDtnq5JRxmvl3jsoQ==}
    engines: {node: '>=0.10.0'}
    dev: true

  /is-fullwidth-code-point@3.0.0:
    resolution: {integrity: sha512-zymm5+u+sCsSWyD9qNaejV3DFvhCKclKdizYaJUuHA83RLjb7nSuGnddCHGv0hk+KY7BMAlsWeK4Ueg6EV6XQg==}
    engines: {node: '>=8'}
    dev: true

  /is-glob@4.0.3:
    resolution: {integrity: sha512-xelSayHH36ZgE7ZWhli7pW34hNbNl8Ojv5KVmkJD4hBdD3th8Tfk9vYasLM+mXWOZhFkgZfxhLSnrwRr4elSSg==}
    engines: {node: '>=0.10.0'}
    dependencies:
      is-extglob: 2.1.1
    dev: true

  /is-number@7.0.0:
    resolution: {integrity: sha512-41Cifkg6e8TylSpdtTpeLVMqvSBEVzTttHvERD741+pnZ8ANv0004MRL43QKPDlK9cGvNp6NZWZUBlbGXYxxng==}
    engines: {node: '>=0.12.0'}
    dev: true

  /lodash@4.17.21:
    resolution: {integrity: sha512-v2kDEe57lecTulaDIuNTPy3Ry4gLGJ6Z1O3vE1krgXZNrsQ+LFTGHVxVjcXPs17LhbZVGedAJv8XZ1tvj5FvSg==}
    dev: true

  /milliparsec@2.3.0:
    resolution: {integrity: sha512-b+6KYJw+DwQjk24qCUuq+lZvRXDpXJ02qsllKgKaDurHpQ0v7D5op9VAkdYM/pXRhFeh7uLYHmnwFnYvdXGa3A==}
    engines: {node: '>=12.4'}
    dev: false

  /mime-db@1.52.0:
    resolution: {integrity: sha512-sPU4uV7dYlvtWJxwwxHD0PuihVNiE7TyAbQ5SWxDCB9mUYvOgroQOwYQQOKPJ8CIbE+1ETVlOoK1UC2nU3gYvg==}
    engines: {node: '>= 0.6'}
    dev: false

  /minimatch@3.1.2:
    resolution: {integrity: sha512-J7p63hRiAjw1NDEww1W7i37+ByIrOWO5XQQAzZ3VOcL0PNybwpfmV/N05zFAzwQ9USyEcX6t3UO+K5aqBQOIHw==}
    dependencies:
      brace-expansion: 1.1.11
    dev: true

  /ms@2.1.3:
    resolution: {integrity: sha512-6FlzubTLZG3J2a/NVCAleEhjzq5oxgHyaCU9yYXvcLsvoVaHJq/s5xXI6/XXP6tz7R9xAOtHnSO/tXtF3WRTlA==}
    dev: true

  /multiparty@4.2.3:
    resolution: {integrity: sha512-Ak6EUJZuhGS8hJ3c2fY6UW5MbkGUPMBEGd13djUzoY/BHqV/gTuFWtC6IuVA7A2+v3yjBS6c4or50xhzTQZImQ==}
    engines: {node: '>= 0.10'}
    dependencies:
      http-errors: 1.8.1
      safe-buffer: 5.2.1
      uid-safe: 2.1.5
    dev: false

  /negotiator@0.6.3:
    resolution: {integrity: sha512-+EUsqGPLsM+j/zdChZjsnX51g4XrHFOIXwfnCVPGlQk/k5giakcKsuxCObBRu6DSm9opw/O6slWbJdghQM4bBg==}
    engines: {node: '>= 0.6'}
    dev: false

  /node-fetch@2.6.7:
    resolution: {integrity: sha512-ZjMPFEfVx5j+y2yF35Kzx5sF7kDzxuDj6ziH4FFbOp87zKDZNx8yExJIb05OGF4Nlt9IHFIMBkRl41VdvcNdbQ==}
    engines: {node: 4.x || >=6.0.0}
    peerDependencies:
      encoding: ^0.1.0
    peerDependenciesMeta:
      encoding:
        optional: true
    dependencies:
      whatwg-url: 5.0.0
    dev: false

  /nodemon@2.0.22:
    resolution: {integrity: sha512-B8YqaKMmyuCO7BowF1Z1/mkPqLk6cs/l63Ojtd6otKjMx47Dq1utxfRxcavH1I7VSaL8n5BUaoutadnsX3AAVQ==}
    engines: {node: '>=8.10.0'}
    hasBin: true
    dependencies:
      chokidar: 3.5.3
      debug: 3.2.7(supports-color@5.5.0)
      ignore-by-default: 1.0.1
      minimatch: 3.1.2
      pstree.remy: 1.1.8
      semver: 5.7.1
      simple-update-notifier: 1.1.0
      supports-color: 5.5.0
      touch: 3.1.0
      undefsafe: 2.0.5
    dev: true

  /nopt@1.0.10:
    resolution: {integrity: sha512-NWmpvLSqUrgrAC9HCuxEvb+PSloHpqVu+FqcO4eeF2h5qYRhA7ev6KvelyQAKtegUbC6RypJnlEOhd8vloNKYg==}
    hasBin: true
    dependencies:
      abbrev: 1.1.1
    dev: true

  /normalize-path@3.0.0:
    resolution: {integrity: sha512-6eZs5Ls3WtCisHWp9S2GUy8dqkpGi4BVSz3GaqiE6ezub0512ESztXUwUB6C6IKbQkY2Pnb/mD4WYojCRwcwLA==}
    engines: {node: '>=0.10.0'}
    dev: true

  /picomatch@2.3.1:
    resolution: {integrity: sha512-JU3teHTNjmE2VCGFzuY8EXzCDVwEqB2a8fsIvwaStHhAWJEeVd1o1QD80CU6+ZdEXXSLbSsuLwJjkCBWqRQUVA==}
    engines: {node: '>=8.6'}
    dev: true

  /pstree.remy@1.1.8:
    resolution: {integrity: sha512-77DZwxQmxKnu3aR542U+X8FypNzbfJ+C5XQDk3uWjWxn6151aIMGthWYRXTqT1E5oJvg+ljaa2OJi+VfvCOQ8w==}
    dev: true

  /random-bytes@1.0.0:
    resolution: {integrity: sha512-iv7LhNVO047HzYR3InF6pUcUsPQiHTM1Qal51DcGSuZFBil1aBBWG5eHPNek7bvILMaYJ/8RU1e8w1AMdHmLQQ==}
    engines: {node: '>= 0.8'}
    dev: false

  /readdirp@3.6.0:
    resolution: {integrity: sha512-hOS089on8RduqdbhvQ5Z37A0ESjsqz6qnRcffsMU3495FuTdqSm+7bhJ29JvIOsBDEEnan5DPu9t3To9VRlMzA==}
    engines: {node: '>=8.10.0'}
    dependencies:
      picomatch: 2.3.1
    dev: true

  /regexparam@2.0.1:
    resolution: {integrity: sha512-zRgSaYemnNYxUv+/5SeoHI0eJIgTL/A2pUtXUPLHQxUldagouJ9p+K6IbIZ/JiQuCEv2E2B1O11SjVQy3aMCkw==}
    engines: {node: '>=8'}
    dev: false

  /require-directory@2.1.1:
    resolution: {integrity: sha512-fGxEI7+wsG9xrvdjsrlmL22OMTTiHRwAMroiEeMgq8gzoLC/PQr7RsRDSTLUg/bZAZtF+TVIkHc6/4RIKrui+Q==}
    engines: {node: '>=0.10.0'}
    dev: true

  /rome@12.0.0:
    resolution: {integrity: sha512-w/tLvLj5PGUCx3R+Kna08BMq4zL83Xzh9spvrqoWa3Nkzk16SkD8JSpyWWP9WhI2r3qv3Xvc7FnYZ4QDnjAiYg==}
    engines: {node: '>=14.*'}
    hasBin: true
    requiresBuild: true
    optionalDependencies:
      '@rometools/cli-darwin-arm64': 12.0.0
      '@rometools/cli-darwin-x64': 12.0.0
      '@rometools/cli-linux-arm64': 12.0.0
      '@rometools/cli-linux-x64': 12.0.0
      '@rometools/cli-win32-arm64': 12.0.0
      '@rometools/cli-win32-x64': 12.0.0
    dev: true

  /rxjs@7.8.0:
    resolution: {integrity: sha512-F2+gxDshqmIub1KdvZkaEfGDwLNpPvk9Fs6LD/MyQxNgMds/WH9OdDDXOmxUZpME+iSK3rQCctkL0DYyytUqMg==}
    dependencies:
      tslib: 2.5.0
    dev: true

  /safe-buffer@5.2.1:
    resolution: {integrity: sha512-rp3So07KcdmmKbGvgaNxQSJr7bGVSVk5S9Eq1F+ppbRo70+YeaDxkw5Dd8NPN+GD6bjnYm2VuPuCXmpuYvmCXQ==}
    dev: false

  /semver@5.7.1:
    resolution: {integrity: sha512-sauaDf/PZdVgrLTNYHRtpXa1iRiKcaebiKQ1BJdpQlWH2lCvexQdX55snPFyK7QzpudqbCI0qXFfOasHdyNDGQ==}
    hasBin: true
    dev: true

  /semver@7.0.0:
    resolution: {integrity: sha512-+GB6zVA9LWh6zovYQLALHwv5rb2PHGlJi3lfiqIHxR0uuwCgefcOJc59v9fv1w8GbStwxuuqqAjI9NMAOOgq1A==}
    hasBin: true
    dev: true

  /setprototypeof@1.2.0:
    resolution: {integrity: sha512-E5LDX7Wrp85Kil5bhZv46j8jOeboKq5JMmYM3gVGdGH8xFpPWXUMsNrlODCrkoxMEeNi/XZIwuRvY4XNwYMJpw==}
    dev: false

  /shell-quote@1.8.1:
    resolution: {integrity: sha512-6j1W9l1iAs/4xYBI1SYOVZyFcCis9b4KCLQ8fgAGG07QvzaRLVVRQvAy85yNmmZSjYjg4MWh4gNvlPujU/5LpA==}
    dev: true

  /simple-update-notifier@1.1.0:
    resolution: {integrity: sha512-VpsrsJSUcJEseSbMHkrsrAVSdvVS5I96Qo1QAQ4FxQ9wXFcB+pjj7FB7/us9+GcgfW4ziHtYMc1J0PLczb55mg==}
    engines: {node: '>=8.10.0'}
    dependencies:
      semver: 7.0.0
    dev: true

  /spawn-command@0.0.2-1:
    resolution: {integrity: sha512-n98l9E2RMSJ9ON1AKisHzz7V42VDiBQGY6PB1BwRglz99wpVsSuGzQ+jOi6lFXBGVTCrRpltvjm+/XA+tpeJrg==}
    dev: true

  /statuses@1.5.0:
    resolution: {integrity: sha512-OpZ3zP+jT1PI7I8nemJX4AKmAX070ZkYPVWV/AaKTJl+tXCTGyVdC1a4SL8RUQYEwk/f34ZX8UTykN68FwrqAA==}
    engines: {node: '>= 0.6'}
    dev: false

  /string-width@4.2.3:
    resolution: {integrity: sha512-wKyQRQpjJ0sIp62ErSZdGsjMJWsap5oRNihHhu6G7JVO/9jIB6UyevL+tXuOqrng8j/cxKTWyWUwvSTriiZz/g==}
    engines: {node: '>=8'}
    dependencies:
      emoji-regex: 8.0.0
      is-fullwidth-code-point: 3.0.0
      strip-ansi: 6.0.1
    dev: true

  /strip-ansi@6.0.1:
    resolution: {integrity: sha512-Y38VPSHcqkFrCpFnQ9vuSXmquuv5oXOKpGeT6aGrr3o3Gc9AlVa6JBfUSOCnbxGGZF+/0ooI7KrPuUSztUdU5A==}
    engines: {node: '>=8'}
    dependencies:
      ansi-regex: 5.0.1
    dev: true

  /supports-color@5.5.0:
    resolution: {integrity: sha512-QjVjwdXIt408MIiAqCX4oUKsgU2EqAGzs2Ppkm4aQYbjm+ZEWEcW4SfFNTr4uMNZma0ey4f5lgLrkB0aX0QMow==}
    engines: {node: '>=4'}
    dependencies:
      has-flag: 3.0.0
    dev: true

  /supports-color@7.2.0:
    resolution: {integrity: sha512-qpCAvRl9stuOHveKsn7HncJRvv501qIacKzQlO/+Lwxc9+0q2wLyv4Dfvt80/DPn2pqOBsJdDiogXGR9+OvwRw==}
    engines: {node: '>=8'}
    dependencies:
      has-flag: 4.0.0
    dev: true

  /supports-color@8.1.1:
    resolution: {integrity: sha512-MpUEN2OodtUzxvKQl72cUF7RQ5EiHsGvSsVG0ia9c5RbWGL2CI4C7EpPS8UTBIplnlzZiNuV56w+FuNxy3ty2Q==}
    engines: {node: '>=10'}
    dependencies:
      has-flag: 4.0.0
    dev: true

  /to-regex-range@5.0.1:
    resolution: {integrity: sha512-65P7iz6X5yEr1cwcgvQxbbIw7Uk3gOy5dIdtZ4rDveLqhrdJP+Li/Hx6tyK0NEb+2GCyneCMJiGqrADCSNk8sQ==}
    engines: {node: '>=8.0'}
    dependencies:
      is-number: 7.0.0
    dev: true

  /toidentifier@1.0.1:
    resolution: {integrity: sha512-o5sSPKEkg/DIQNmH43V0/uerLrpzVedkUh8tGNvaeXpfpuwjKenlSox/2O/BTlZUtEe+JG7s5YhEz608PlAHRA==}
    engines: {node: '>=0.6'}
    dev: false

  /touch@3.1.0:
    resolution: {integrity: sha512-WBx8Uy5TLtOSRtIq+M03/sKDrXCLHxwDcquSP2c43Le03/9serjQBIztjRz6FkJez9D/hleyAXTBGLwwZUw9lA==}
    hasBin: true
    dependencies:
      nopt: 1.0.10
    dev: true

  /tr46@0.0.3:
    resolution: {integrity: sha512-N3WMsuqV66lT30CrXNbEjx4GEwlow3v6rr4mCcv6prnfwhS01rkgyFdjPNBYd9br7LpXV1+Emh01fHnq2Gdgrw==}
    dev: false

  /tree-kill@1.2.2:
    resolution: {integrity: sha512-L0Orpi8qGpRG//Nd+H90vFB+3iHnue1zSSGmNOOCh1GLJ7rUKVwV2HvijphGQS2UmhUZewS9VgvxYIdgr+fG1A==}
    hasBin: true
    dev: true

  /tslib@2.5.0:
    resolution: {integrity: sha512-336iVw3rtn2BUK7ORdIAHTyxHGRIHVReokCR3XjbckJMK7ms8FysBfhLR8IXnAgy7T0PTPNBWKiH514FOW/WSg==}
    dev: true

  /typescript@5.0.4:
    resolution: {integrity: sha512-cW9T5W9xY37cc+jfEnaUvX91foxtHkza3Nw3wkoF4sSlKn0MONdkdEndig/qPBWXNkmplh3NzayQzCiHM4/hqw==}
    engines: {node: '>=12.20'}
    hasBin: true
    dev: false

  /uid-safe@2.1.5:
    resolution: {integrity: sha512-KPHm4VL5dDXKz01UuEd88Df+KzynaohSL9fBh096KWAxSKZQDI2uBrVqtvRM4rwrIrRRKsdLNML/lnaaVSRioA==}
    engines: {node: '>= 0.8'}
    dependencies:
      random-bytes: 1.0.0
    dev: false

  /undefsafe@2.0.5:
    resolution: {integrity: sha512-WxONCrssBM8TSPRqN5EmsjVrsv4A8X12J4ArBiiayv3DyyG3ZlIg6yysuuSYdZsVz3TKcTg2fd//Ujd4CHV1iA==}
    dev: true

  /webidl-conversions@3.0.1:
    resolution: {integrity: sha512-2JAn3z8AR6rjK8Sm8orRC0h/bcl/DqL7tRPdGZ4I1CjdF+EaMLmYxBHyXuKL849eucPFhvBoxMsflfOb8kxaeQ==}
    dev: false

  /whatwg-url@5.0.0:
    resolution: {integrity: sha512-saE57nupxk6v3HY35+jzBwYa0rKSy0XR8JSxZPwgLr7ys0IBzhGviA1/TUGJLmSVqs8pb9AnvICXEuOHLprYTw==}
    dependencies:
      tr46: 0.0.3
      webidl-conversions: 3.0.1
    dev: false

  /wrap-ansi@7.0.0:
    resolution: {integrity: sha512-YVGIj2kamLSTxw6NsZjoBxfSwsn0ycdesmc4p+Q21c5zPuZ1pl+NfxVdxPtdHvmNVOQ6XSYG4AUtyt/Fi7D16Q==}
    engines: {node: '>=10'}
    dependencies:
      ansi-styles: 4.3.0
      string-width: 4.2.3
      strip-ansi: 6.0.1
    dev: true

  /y18n@5.0.8:
    resolution: {integrity: sha512-0pfFzegeDWJHJIAmTLRP2DwHjdF5s7jo9tuztdQxAhINCdvS+3nGINqPd00AphqJR/0LhANUS6/+7SCb98YOfA==}
    engines: {node: '>=10'}
    dev: true

  /yargs-parser@21.1.1:
    resolution: {integrity: sha512-tVpsJW7DdjecAiFpbIB1e3qxIQsE6NoPc5/eTdrbbIC4h0LVsWhnoa3g+m2HclBIujHzsxZ4VJVA+GUuc2/LBw==}
    engines: {node: '>=12'}
    dev: true

  /yargs@17.7.1:
    resolution: {integrity: sha512-cwiTb08Xuv5fqF4AovYacTFNxk62th7LKJ6BL9IGUpTJrWoU7/7WdQGTP2SjKf1dUNBGzDd28p/Yfs/GI6JrLw==}
    engines: {node: '>=12'}
    dependencies:
      cliui: 8.0.1
      escalade: 3.1.1
      get-caller-file: 2.0.5
      require-directory: 2.1.1
      string-width: 4.2.3
      y18n: 5.0.8
      yargs-parser: 21.1.1
    dev: true
