lockfileVersion: 5.3

specifiers:
  '@tinyhttp/app': ^2.0.5
  '@tinyhttp/logger': ^1.3.0
  '@types/async-busboy': ^0.7.1
  async-busboy: ^1.1.0
  dotenv: ^10.0.0
  graphql: ^15.6.0
  graphql-request: ^3.5.0
  header-range-parser: ^1.0.0
  milliparsec: ^2.2.0
  typescript: ^4.4.3

dependencies:
  '@tinyhttp/app': 2.0.5
  '@tinyhttp/logger': 1.3.0
  '@types/async-busboy': 0.7.1
  async-busboy: 1.1.0
  dotenv: 10.0.0
  graphql: 15.6.0
  graphql-request: 3.5.0_graphql@15.6.0
  header-range-parser: 1.0.0
  milliparsec: 2.2.0
  typescript: 4.4.3

packages:

  /@tinyhttp/accepts/2.0.2:
    resolution: {integrity: sha512-DkJI1NMjb8FJ3k+/1wfdfoitn4jcb1tnDdBGVt/iN9FDqMC9WTIPdt6x7h81WuyHRefNn12gkqT8CqUbSkV3Nw==}
    engines: {node: '>=12.4.0'}
    dependencies:
      es-mime-types: 0.1.3
      negotiator: 0.6.2
    dev: false

  /@tinyhttp/app/2.0.5:
    resolution: {integrity: sha512-nDiggcqHywZTgg40a2iXhv5fvK0Ko+4w6lKS4mWKOBzMPlgYs6IMnLrK4fc7bFuufw1lQ/CTrlydZcOKOaAuWg==}
    engines: {node: '>=12.x'}
    dependencies:
      '@tinyhttp/cookie': 2.0.2
      '@tinyhttp/proxy-addr': 2.0.2
      '@tinyhttp/req': 2.0.3
      '@tinyhttp/res': 2.0.4
      '@tinyhttp/router': 2.0.2
      regexparam: 2.0.0
    dev: false

  /@tinyhttp/content-disposition/2.0.3:
    resolution: {integrity: sha512-UFeyaKslzsYvJ88ivYVirQVTfjjy7vx1f3ZejAFsESqay8jNsUM76FscpkbrK4mXWY+HtlUIhTS4DXWh3gaURg==}
    engines: {node: '>=12.4.0'}
    dev: false

  /@tinyhttp/cookie-signature/2.0.2:
    resolution: {integrity: sha512-lyIdDzLILp6T2fymJn9zKBgXwlZMIUiqMUIEd4x/ZGFNvnNs/zeYDBQFdAygBtv4Bgl5Zpf6tN+e6fkj6TlMYQ==}
    engines: {node: '>=12.4.0'}
    dev: false

  /@tinyhttp/cookie/2.0.2:
    resolution: {integrity: sha512-/Ql7LuYlTZqrKs9v4IZxoui0ECnw6J87g+lqYeH/B+fTHrt7TXT876tkraZp4KS58r7XlGBQy+CoPog6XMm7SQ==}
    engines: {node: '>=12.4.0'}
    dev: false

  /@tinyhttp/encode-url/2.0.2:
    resolution: {integrity: sha512-HSuiI6pW4dZ7nutkB4IV+KCGMfjCzS4KRycIWZ89KUatV2GP3pfnJ1wu01wna8jye+SbIyQbSsCGd6Tjj7VivA==}
    engines: {node: '>=12.4.0'}
    dev: false

  /@tinyhttp/etag/2.0.2:
    resolution: {integrity: sha512-utxkv5skxWJESUAKZk7F11DcgBiE4vBXiPfnWZcGNZDa6T372V2ESUD2Y7fV85bsC1/4ZrnnmS7lg9Nd401oLw==}
    engines: {node: '>=12.4.0'}
    dev: false

  /@tinyhttp/forwarded/2.0.2:
    resolution: {integrity: sha512-q+l7xMyN7buYjUfWbepLM36lI7FZmv+sm0arqzFGrTVWfEbKLiHTv+5c7H3O8/aYcxuyR4cBUrmwT6jw4dZhFw==}
    engines: {node: '>=12.4.0'}
    dev: false

  /@tinyhttp/logger/1.3.0:
    resolution: {integrity: sha512-u8vbW8OEPur3ZlkJGNO+Nl/xw78cdIaDAcWMUEg7o3UY9L5xezMQcLBPX8ykJLEB+Yl+BDmTvt1s1LzkwM6mNQ==}
    engines: {node: '>=12.4.0'}
    dependencies:
      colorette: 1.4.0
      dayjs: 1.10.7
      http-status-emojis: 2.2.0
    dev: false

  /@tinyhttp/proxy-addr/2.0.2:
    resolution: {integrity: sha512-wuXpzG9XsUQ2/YvCL5BSvp1JXc5HIuXlVJhMqdC0wv8iKF3hHv62H5XVd/wvzo/OWgiqt4hjxA4wITzND5Ed+g==}
    engines: {node: '>=12.4.0'}
    dependencies:
      '@tinyhttp/forwarded': 2.0.2
      ipaddr.js: 2.0.1
    dev: false

  /@tinyhttp/req/2.0.3:
    resolution: {integrity: sha512-RGWAeNpEN6SLUh5h+aaX59scZPRM4qfwE8/23wAG3OVhLu6KMzB7efA2PiZ+5Xw4qwKSmuXouBYeiIEqA9GWxA==}
    engines: {node: '>=12.4.0'}
    dependencies:
      '@tinyhttp/accepts': 2.0.2
      '@tinyhttp/type-is': 2.0.2
      '@tinyhttp/url': 2.0.3
      es-fresh: 0.0.10
      range-parser: 1.2.1
    dev: false

  /@tinyhttp/res/2.0.4:
    resolution: {integrity: sha512-xW/yqrCzwaS7Af1FjuhmDxPhgASu+JIaP8vhDTT7KMZZXUxZ8sgpQVs8Ev9BabDLBRm3XZzLxL2FQ85hlBuhQQ==}
    engines: {node: '>=12.4.0'}
    dependencies:
      '@tinyhttp/content-disposition': 2.0.3
      '@tinyhttp/cookie': 2.0.2
      '@tinyhttp/cookie-signature': 2.0.2
      '@tinyhttp/encode-url': 2.0.2
      '@tinyhttp/req': 2.0.3
      '@tinyhttp/send': 2.0.2
      es-escape-html: 0.1.1
      es-mime-types: 0.1.3
      es-vary: 0.1.1
    dev: false

  /@tinyhttp/router/2.0.2:
    resolution: {integrity: sha512-ABquD4gowsUbPGZs3qzMUXOm2FZuKKD0bPvBB4vgp8QeKJEQVVAMZrVFcQmW8rbT6JgoCYDbCmkwJq7yYl7xcg==}
    engines: {node: '>=12.4.0'}
    dev: false

  /@tinyhttp/send/2.0.2:
    resolution: {integrity: sha512-dUWf1Mp5zHOE0NRcQtXzJoBGMQnD0FzlpArgE1cXJ8AJnvSFtSpDOvCNdDyQFSX3XuBh5owpDOBAGDOwOhSR9g==}
    engines: {node: '>=12.4.0'}
    dependencies:
      '@tinyhttp/etag': 2.0.2
      es-content-type: 0.1.0
      es-mime-types: 0.1.3
    dev: false

  /@tinyhttp/type-is/2.0.2:
    resolution: {integrity: sha512-b6ZHlR8JVVHmxzqvTSFgf7+B6lO/9M4cxfVzATbMlicffyUdR/QZjfHnJ+gshb9a0KMC5CJ34jOClPmtoHEfFQ==}
    engines: {node: '>=12.4.0'}
    dependencies:
      es-content-type: 0.1.0
      es-mime-types: 0.1.3
    dev: false

  /@tinyhttp/url/2.0.3:
    resolution: {integrity: sha512-0KRWSE0W4hjejHJ1ksmUIIp3Rvn/6nDa5sYQ7gjwsixYQ8J8vTSOtPI7FOkH9M/evsnCGrCYp5JNBnqTjkShTw==}
    engines: {node: '>=12.4.0'}
    dev: false

  /@types/async-busboy/0.7.1:
    resolution: {integrity: sha512-FBWy+Bx3D3a1mynDdFBbd5yWmvzYE0yViV0sA0n/rUL2sCDZUOw6oW7+5NBcI7MlQ2be/q/PLglStn6QOzJzQA==}
    dependencies:
      '@types/busboy': 0.2.4
    dev: false

  /@types/busboy/0.2.4:
    resolution: {integrity: sha512-f+ZCVjlcN8JW/zf3iR0GqO4gjOUlltMTtZjn+YR1mlK+MVu6esTiIecO0/GQlmYQPQLdBnc7+5vG3Xb+SkvFLw==}
    dependencies:
      '@types/node': 16.10.1
    dev: false

  /@types/node/16.10.1:
    resolution: {integrity: sha512-4/Z9DMPKFexZj/Gn3LylFgamNKHm4K3QDi0gz9B26Uk0c8izYf97B5fxfpspMNkWlFupblKM/nV8+NA9Ffvr+w==}
    dev: false

  /async-busboy/1.1.0:
    resolution: {integrity: sha512-6PKzCbx//XQLMwi8IitM/kBcrw9RuUL7T5rvHWHwudZzcNp+dJPVnH2FmYIKO/8x//iCHunkDjxtEomfjRwjSQ==}
    dependencies:
      busboy: 0.3.1
    dev: false

  /asynckit/0.4.0:
    resolution: {integrity: sha1-x57Zf380y48robyXkLzDZkdLS3k=}
    dev: false

  /busboy/0.3.1:
    resolution: {integrity: sha512-y7tTxhGKXcyBxRKAni+awqx8uqaJKrSFSNFSeRG5CsWNdmy2BIK+6VGWEW7TZnIO/533mtMEA4rOevQV815YJw==}
    engines: {node: '>=4.5.0'}
    dependencies:
      dicer: 0.3.0
    dev: false

  /colorette/1.4.0:
    resolution: {integrity: sha512-Y2oEozpomLn7Q3HFP7dpww7AtMJplbM9lGZP6RDfHqmbeRjiwRg4n6VM6j4KLmRke85uWEI7JqF17f3pqdRA0g==}
    dev: false

  /combined-stream/1.0.8:
    resolution: {integrity: sha512-FQN4MRfuJeHf7cBbBMJFXhKSDq+2kAArBlmRBvcvFE5BB1HZKXtSFASDhdlz9zOYwxh8lDdnvmMOe/+5cdoEdg==}
    engines: {node: '>= 0.8'}
    dependencies:
      delayed-stream: 1.0.0
    dev: false

  /cross-fetch/3.1.4:
    resolution: {integrity: sha512-1eAtFWdIubi6T4XPy6ei9iUFoKpUkIF971QLN8lIvvvwueI65+Nw5haMNKUwfJxabqlIIDODJKGrQ66gxC0PbQ==}
    dependencies:
      node-fetch: 2.6.1
    dev: false

  /dayjs/1.10.7:
    resolution: {integrity: sha512-P6twpd70BcPK34K26uJ1KT3wlhpuOAPoMwJzpsIWUxHZ7wpmbdZL/hQqBDfz7hGurYSa5PhzdhDHtt319hL3ig==}
    dev: false

  /delayed-stream/1.0.0:
    resolution: {integrity: sha1-3zrhmayt+31ECqrgsp4icrJOxhk=}
    engines: {node: '>=0.4.0'}
    dev: false

  /dicer/0.3.0:
    resolution: {integrity: sha512-MdceRRWqltEG2dZqO769g27N/3PXfcKl04VhYnBlo2YhH7zPi88VebsjTKclaOyiuMaGU72hTfw3VkUitGcVCA==}
    engines: {node: '>=4.5.0'}
    dependencies:
      streamsearch: 0.1.2
    dev: false

  /dotenv/10.0.0:
    resolution: {integrity: sha512-rlBi9d8jpv9Sf1klPjNfFAuWDjKLwTIJJ/VxtoTwIR6hnZxcEOQCZg2oIL3MWBYw5GpUDKOEnND7LXTbIpQ03Q==}
    engines: {node: '>=10'}
    dev: false

  /es-content-type/0.1.0:
    resolution: {integrity: sha512-DqWU9pSzhNlO10q+NQ/KebImLkKbwbcy0pSv3hNQfEpKFHsrqDJz2vajpZdq7nkiG9DoJcTh22oHGymp7XJd9g==}
    engines: {node: '>=12.x'}
    dev: false

  /es-escape-html/0.1.1:
    resolution: {integrity: sha512-yUx1o+8RsG7UlszmYPtks+dm6Lho2m8lgHMOsLJQsFI0R8XwUJwiMhM1M4E/S8QLeGyf6MkDV/pWgjQ0tdTSyQ==}
    engines: {node: '>=12.x'}
    dev: false

  /es-fresh/0.0.10:
    resolution: {integrity: sha512-/e5etUqtxj7JktALldpsDNC84DOHavN9PqojnTTGeX1M2/Q4/SF8d55d7AsB3n66WYS43hdBbn0sAllto5kSIg==}
    engines: {node: '>=12.x'}
    dev: false

  /es-mime-types/0.1.3:
    resolution: {integrity: sha512-LcyBLQFEm2wnZdvbLYHDZ03Yb55hX/v7TNhPpgZKeOleJFTkwF4bYkkBFHRBEvg+9duGxx3cMYVkwBDMcA+LfA==}
    engines: {node: '>=12.x'}
    dependencies:
      mime-db: 1.49.0
    dev: false

  /es-vary/0.1.1:
    resolution: {integrity: sha512-4UOWrTu8lz5otSyWxcS0LbYz8WyYOEiWHGkBIu0VfhTsY+vtc7+fOSDHsxtEUBeu7mDnTwqsKg5NEXeq5Da1Hg==}
    engines: {node: '>=12.x'}
    dev: false

  /extract-files/9.0.0:
    resolution: {integrity: sha512-CvdFfHkC95B4bBBk36hcEmvdR2awOdhhVUYH6S/zrVj3477zven/fJMYg7121h4T1xHZC+tetUpubpAhxwI7hQ==}
    engines: {node: ^10.17.0 || ^12.0.0 || >= 13.7.0}
    dev: false

  /form-data/3.0.1:
    resolution: {integrity: sha512-RHkBKtLWUVwd7SqRIvCZMEvAMoGUp0XU+seQiZejj0COz3RI3hWP4sCv3gZWWLjJTd7rGwcsF5eKZGii0r/hbg==}
    engines: {node: '>= 6'}
    dependencies:
      asynckit: 0.4.0
      combined-stream: 1.0.8
      mime-types: 2.1.32
    dev: false

  /graphql-request/3.5.0_graphql@15.6.0:
    resolution: {integrity: sha512-Io89QpfU4rqiMbqM/KwMBzKaDLOppi8FU8sEccCE4JqCgz95W9Q8bvxQ4NfPALLSMvg9nafgg8AkYRmgKSlukA==}
    peerDependencies:
      graphql: 14.x || 15.x
    dependencies:
      cross-fetch: 3.1.4
      extract-files: 9.0.0
      form-data: 3.0.1
      graphql: 15.6.0
    dev: false

  /graphql/15.6.0:
    resolution: {integrity: sha512-WJR872Zlc9hckiEPhXgyUftXH48jp2EjO5tgBBOyNMRJZ9fviL2mJBD6CAysk6N5S0r9BTs09Qk39nnJBkvOXQ==}
    engines: {node: '>= 10.x'}
    dev: false

  /header-range-parser/1.0.0:
    resolution: {integrity: sha512-QqUyYlYdAVqsd26xqPJwIUBrZe0z/iWeOcQnOxtAik1/so5wpLl72O5qL9CwSucsMIMeptu1x4OUSSU2pJauiA==}
    engines: {node: '>= 12.20'}
    dev: false

  /http-status-emojis/2.2.0:
    resolution: {integrity: sha512-ompKtgwpx8ff0hsbpIB7oE4ax1LXoHmftsHHStMELX56ivG3GhofTX8ZHWlUaFKfGjcGjw6G3rPk7dJRXMmbbg==}
    dev: false

  /ipaddr.js/2.0.1:
    resolution: {integrity: sha512-1qTgH9NG+IIJ4yfKs2e6Pp1bZg8wbDbKHT21HrLIeYBTRLgMYKnMTPAuI3Lcs61nfx5h1xlXnbJtH1kX5/d/ng==}
    engines: {node: '>= 10'}
    dev: false

  /milliparsec/2.2.0:
    resolution: {integrity: sha512-XSFb2bjkmLSd76HEOvZSe+Ei6eWNeDpVU+f8w/XniI+xJlTacuVWCjB61kZNMbjJLcRPHpupfe4PBnDpM19xcA==}
    engines: {node: '>=12.4'}
    dev: false

  /mime-db/1.49.0:
    resolution: {integrity: sha512-CIc8j9URtOVApSFCQIF+VBkX1RwXp/oMMOrqdyXSBXq5RWNEsRfyj1kiRnQgmNXmHxPoFIxOroKA3zcU9P+nAA==}
    engines: {node: '>= 0.6'}
    dev: false

  /mime-types/2.1.32:
    resolution: {integrity: sha512-hJGaVS4G4c9TSMYh2n6SQAGrC4RnfU+daP8G7cSCmaqNjiOoUY0VHCMS42pxnQmVF1GWwFhbHWn3RIxCqTmZ9A==}
    engines: {node: '>= 0.6'}
    dependencies:
      mime-db: 1.49.0
    dev: false

  /negotiator/0.6.2:
    resolution: {integrity: sha512-hZXc7K2e+PgeI1eDBe/10Ard4ekbfrrqG8Ep+8Jmf4JID2bNg7NvCPOZN+kfF574pFQI7mum2AUqDidoKqcTOw==}
    engines: {node: '>= 0.6'}
    dev: false

  /node-fetch/2.6.1:
    resolution: {integrity: sha512-V4aYg89jEoVRxRb2fJdAg8FHvI7cEyYdVAh94HH0UIK8oJxUfkjlDQN9RbMx+bEjP7+ggMiFRprSti032Oipxw==}
    engines: {node: 4.x || >=6.0.0}
    dev: false

  /range-parser/1.2.1:
    resolution: {integrity: sha512-Hrgsx+orqoygnmhFbKaHE6c296J+HTAQXoxEF6gNupROmmGJRoyzfG3ccAveqCBrwr/2yxQ5BVd/GTl5agOwSg==}
    engines: {node: '>= 0.6'}
    dev: false

  /regexparam/2.0.0:
    resolution: {integrity: sha512-gJKwd2MVPWHAIFLsaYDZfyKzHNS4o7E/v8YmNf44vmeV2e4YfVoDToTOKTvE7ab68cRJ++kLuEXJBaEeJVt5ow==}
    engines: {node: '>=8'}
    dev: false

  /streamsearch/0.1.2:
    resolution: {integrity: sha1-gIudDlb8Jz2Am6VzOOkpkZoanxo=}
    engines: {node: '>=0.8.0'}
    dev: false

  /typescript/4.4.3:
    resolution: {integrity: sha512-4xfscpisVgqqDfPaJo5vkd+Qd/ItkoagnHpufr+i2QCHBsNYp+G7UAoyFl8aPtx879u38wPV65rZ8qbGZijalA==}
    engines: {node: '>=4.2.0'}
    hasBin: true
    dev: false
